
Microsoft Visual Studio Solution File, Format Version 12.00
# Visual Studio 2013
VisualStudioVersion = 12.0.40629.0
MinimumVisualStudioVersion = 10.0.40219.1
Project("{FAE04EC0-301F-11D3-BF4B-00C04F79EFBC}") = "SGAL.MVC.Tests", "SGAL.MVC.Tests\SGAL.MVC.Tests.csproj", "{CF084ED1-F6F0-42A1-814B-AC23417CD816}"
EndProject
Project("{2150E333-8FDC-42A3-9474-1A3956D46DE8}") = "1 - Domínio", "1 - Domínio", "{FF64E81D-E3D2-4107-B20A-BDFBD16D782B}"
EndProject
Project("{2150E333-8FDC-42A3-9474-1A3956D46DE8}") = "2 - DAL", "2 - DAL", "{0FB9503A-1C63-4420-BEC9-85753C4302C3}"
EndProject
Project("{2150E333-8FDC-42A3-9474-1A3956D46DE8}") = "3 - Business", "3 - Business", "{D6336D6F-D0DD-45EF-99F4-8A663FC2E239}"
EndProject
Project("{2150E333-8FDC-42A3-9474-1A3956D46DE8}") = "4 - Serviço", "4 - Serviço", "{9DD3BFA8-DF79-423D-B9EA-11F7F7375600}"
EndProject
Project("{2150E333-8FDC-42A3-9474-1A3956D46DE8}") = "5 - View", "5 - View", "{0FE7DEAD-EC37-4EFC-8503-18C50A4E94FD}"
EndProject
Project("{2150E333-8FDC-42A3-9474-1A3956D46DE8}") = "6 - Testes", "6 - Testes", "{19843984-4DFE-40F1-9E6A-34032D681AF7}"
EndProject
Project("{FAE04EC0-301F-11D3-BF4B-00C04F79EFBC}") = "SGAL.Servicos", "SGAL.Servicos\SGAL.Servicos.csproj", "{1F336EB4-EF8F-49EE-A460-5CC985C44569}"
EndProject
Project("{FAE04EC0-301F-11D3-BF4B-00C04F79EFBC}") = "SGAL.Business", "SGAL.Business\SGAL.Business.csproj", "{594B4840-C809-4756-BEB2-C03DF3F5FEF2}"
EndProject
Project("{FAE04EC0-301F-11D3-BF4B-00C04F79EFBC}") = "SGAL.Model", "SGAL.Model\SGAL.Model.csproj", "{C50C68A1-90C1-4412-BAB1-7DD8E53F95A3}"
EndProject
Project("{FAE04EC0-301F-11D3-BF4B-00C04F79EFBC}") = "SGAL.Repositorio", "SGAL.Repositorio\SGAL.Repositorio.csproj", "{117B3FB1-F3D6-4A39-96D8-2C38FF3ED51C}"
EndProject
Project("{FAE04EC0-301F-11D3-BF4B-00C04F79EFBC}") = "SGAL.Core", "SGAL.Dominio\SGAL.Core.csproj", "{8590D6FE-A3A6-48E0-9F4A-451635859323}"
EndProject
Project("{FAE04EC0-301F-11D3-BF4B-00C04F79EFBC}") = "SGAL.MVC", "SGAL.MVC\SGAL.MVC.csproj", "{5D33F9C5-F899-48AA-9262-694F6325664D}"
EndProject
Project("{2150E333-8FDC-42A3-9474-1A3956D46DE8}") = "7 - Util", "7 - Util", "{0E75E02E-0663-4F0C-A18C-B4A1885BF134}"
EndProject
Project("{FAE04EC0-301F-11D3-BF4B-00C04F79EFBC}") = "SGAL.Util", "SGAL.Util\SGAL.Util.csproj", "{D0577405-1CF9-49AB-BBE4-1EDADA975A7E}"
EndProject
Project("{2150E333-8FDC-42A3-9474-1A3956D46DE8}") = ".nuget", ".nuget", "{3D71C913-983C-4681-8D9A-D4B2AD0E1504}"
	ProjectSection(SolutionItems) = preProject
		.nuget\NuGet.Config = .nuget\NuGet.Config
		.nuget\NuGet.exe = .nuget\NuGet.exe
		.nuget\NuGet.targets = .nuget\NuGet.targets
	EndProjectSection
EndProject
Global
	GlobalSection(SolutionConfigurationPlatforms) = preSolution
		Debug|Any CPU = Debug|Any CPU
		Release|Any CPU = Release|Any CPU
	EndGlobalSection
	GlobalSection(ProjectConfigurationPlatforms) = postSolution
		{CF084ED1-F6F0-42A1-814B-AC23417CD816}.Debug|Any CPU.ActiveCfg = Debug|Any CPU
		{CF084ED1-F6F0-42A1-814B-AC23417CD816}.Debug|Any CPU.Build.0 = Debug|Any CPU
		{CF084ED1-F6F0-42A1-814B-AC23417CD816}.Release|Any CPU.ActiveCfg = Release|Any CPU
		{CF084ED1-F6F0-42A1-814B-AC23417CD816}.Release|Any CPU.Build.0 = Release|Any CPU
		{1F336EB4-EF8F-49EE-A460-5CC985C44569}.Debug|Any CPU.ActiveCfg = Debug|Any CPU
		{1F336EB4-EF8F-49EE-A460-5CC985C44569}.Debug|Any CPU.Build.0 = Debug|Any CPU
		{1F336EB4-EF8F-49EE-A460-5CC985C44569}.Release|Any CPU.ActiveCfg = Release|Any CPU
		{1F336EB4-EF8F-49EE-A460-5CC985C44569}.Release|Any CPU.Build.0 = Release|Any CPU
		{594B4840-C809-4756-BEB2-C03DF3F5FEF2}.Debug|Any CPU.ActiveCfg = Debug|Any CPU
		{594B4840-C809-4756-BEB2-C03DF3F5FEF2}.Debug|Any CPU.Build.0 = Debug|Any CPU
		{594B4840-C809-4756-BEB2-C03DF3F5FEF2}.Release|Any CPU.ActiveCfg = Release|Any CPU
		{594B4840-C809-4756-BEB2-C03DF3F5FEF2}.Release|Any CPU.Build.0 = Release|Any CPU
		{C50C68A1-90C1-4412-BAB1-7DD8E53F95A3}.Debug|Any CPU.ActiveCfg = Debug|Any CPU
		{C50C68A1-90C1-4412-BAB1-7DD8E53F95A3}.Debug|Any CPU.Build.0 = Debug|Any CPU
		{C50C68A1-90C1-4412-BAB1-7DD8E53F95A3}.Release|Any CPU.ActiveCfg = Release|Any CPU
		{C50C68A1-90C1-4412-BAB1-7DD8E53F95A3}.Release|Any CPU.Build.0 = Release|Any CPU
		{117B3FB1-F3D6-4A39-96D8-2C38FF3ED51C}.Debug|Any CPU.ActiveCfg = Debug|Any CPU
		{117B3FB1-F3D6-4A39-96D8-2C38FF3ED51C}.Debug|Any CPU.Build.0 = Debug|Any CPU
		{117B3FB1-F3D6-4A39-96D8-2C38FF3ED51C}.Release|Any CPU.ActiveCfg = Release|Any CPU
		{117B3FB1-F3D6-4A39-96D8-2C38FF3ED51C}.Release|Any CPU.Build.0 = Release|Any CPU
		{8590D6FE-A3A6-48E0-9F4A-451635859323}.Debug|Any CPU.ActiveCfg = Debug|Any CPU
		{8590D6FE-A3A6-48E0-9F4A-451635859323}.Debug|Any CPU.Build.0 = Debug|Any CPU
		{8590D6FE-A3A6-48E0-9F4A-451635859323}.Release|Any CPU.ActiveCfg = Release|Any CPU
		{8590D6FE-A3A6-48E0-9F4A-451635859323}.Release|Any CPU.Build.0 = Release|Any CPU
		{5D33F9C5-F899-48AA-9262-694F6325664D}.Debug|Any CPU.ActiveCfg = Debug|Any CPU
		{5D33F9C5-F899-48AA-9262-694F6325664D}.Debug|Any CPU.Build.0 = Debug|Any CPU
		{5D33F9C5-F899-48AA-9262-694F6325664D}.Release|Any CPU.ActiveCfg = Release|Any CPU
		{5D33F9C5-F899-48AA-9262-694F6325664D}.Release|Any CPU.Build.0 = Release|Any CPU
		{D0577405-1CF9-49AB-BBE4-1EDADA975A7E}.Debug|Any CPU.ActiveCfg = Debug|Any CPU
		{D0577405-1CF9-49AB-BBE4-1EDADA975A7E}.Debug|Any CPU.Build.0 = Debug|Any CPU
		{D0577405-1CF9-49AB-BBE4-1EDADA975A7E}.Release|Any CPU.ActiveCfg = Release|Any CPU
		{D0577405-1CF9-49AB-BBE4-1EDADA975A7E}.Release|Any CPU.Build.0 = Release|Any CPU
	EndGlobalSection
	GlobalSection(SolutionProperties) = preSolution
		HideSolutionNode = FALSE
	EndGlobalSection
	GlobalSection(NestedProjects) = preSolution
		{CF084ED1-F6F0-42A1-814B-AC23417CD816} = {19843984-4DFE-40F1-9E6A-34032D681AF7}
		{1F336EB4-EF8F-49EE-A460-5CC985C44569} = {9DD3BFA8-DF79-423D-B9EA-11F7F7375600}
		{594B4840-C809-4756-BEB2-C03DF3F5FEF2} = {D6336D6F-D0DD-45EF-99F4-8A663FC2E239}
		{C50C68A1-90C1-4412-BAB1-7DD8E53F95A3} = {FF64E81D-E3D2-4107-B20A-BDFBD16D782B}
		{117B3FB1-F3D6-4A39-96D8-2C38FF3ED51C} = {0FB9503A-1C63-4420-BEC9-85753C4302C3}
		{8590D6FE-A3A6-48E0-9F4A-451635859323} = {FF64E81D-E3D2-4107-B20A-BDFBD16D782B}
		{5D33F9C5-F899-48AA-9262-694F6325664D} = {0FE7DEAD-EC37-4EFC-8503-18C50A4E94FD}
		{D0577405-1CF9-49AB-BBE4-1EDADA975A7E} = {0E75E02E-0663-4F0C-A18C-B4A1885BF134}
	EndGlobalSection
EndGlobal
